
Microsoft Visual Studio Solution File, Format Version 12.00
# Visual Studio Version 17
VisualStudioVersion = 17.0.31903.59
MinimumVisualStudioVersion = 10.0.40219.1
Project("{2150E333-8FDC-42A3-9474-1A3956D46DE8}") = "src", "src", "{17B4C3F7-AC02-43F6-8556-4A945D3359D2}"
EndProject
Project("{FAE04EC0-301F-11D3-BF4B-00C04F79EFBC}") = "Ton.Core", "src\Ton.Core\Ton.Core.csproj", "{E89ABA32-285F-44AB-B5A1-131420F68828}"
EndProject
Project("{FAE04EC0-301F-11D3-BF4B-00C04F79EFBC}") = "Ton.Crypto", "src\Ton.Crypto\Ton.Crypto.csproj", "{E6162DE6-5CA9-4FF8-9843-FD85B9A02BB1}"
EndProject
Project("{FAE04EC0-301F-11D3-BF4B-00C04F79EFBC}") = "Ton.HttpClient", "src\Ton.HttpClient\Ton.HttpClient.csproj", "{E7883DFD-28EA-4CB5-948F-2F32327926A5}"
EndProject
Project("{2150E333-8FDC-42A3-9474-1A3956D46DE8}") = "tests", "tests", "{7854DABD-8422-4DCA-A96B-426F9C4E7517}"
EndProject
Project("{FAE04EC0-301F-11D3-BF4B-00C04F79EFBC}") = "Ton.Core.Tests", "tests\Ton.Core.Tests\Ton.Core.Tests.csproj", "{B77B1BFC-1048-46CE-9A04-40023F71A4AE}"
EndProject
Project("{FAE04EC0-301F-11D3-BF4B-00C04F79EFBC}") = "Ton.Crypto.Tests", "tests\Ton.Crypto.Tests\Ton.Crypto.Tests.csproj", "{F83FEB36-0B78-4D67-A8EA-8D92E7045F0B}"
EndProject
Project("{FAE04EC0-301F-11D3-BF4B-00C04F79EFBC}") = "Ton.HttpClient.Tests", "tests\Ton.HttpClient.Tests\Ton.HttpClient.Tests.csproj", "{EE1BA162-0CDE-436D-B5B0-C3F9B1BF93E8}"
EndProject
Project("{FAE04EC0-301F-11D3-BF4B-00C04F79EFBC}") = "Ton.Contracts", "src\Ton.Contracts\Ton.Contracts.csproj", "{354A66B4-EEAA-4357-9E72-AD8E7E3B83BA}"
EndProject
Project("{FAE04EC0-301F-11D3-BF4B-00C04F79EFBC}") = "Ton.Contracts.Tests", "tests\Ton.Contracts.Tests\Ton.Contracts.Tests.csproj", "{E4FD34A5-2C24-4324-AD31-1F6A47637965}"
EndProject
Project("{FAE04EC0-301F-11D3-BF4B-00C04F79EFBC}") = "Ton.Adnl", "src\Ton.Adnl\Ton.Adnl.csproj", "{A5681630-9939-4053-994D-2EAA8154053C}"
EndProject
Project("{FAE04EC0-301F-11D3-BF4B-00C04F79EFBC}") = "Ton.Adnl.Tests", "tests\Ton.Adnl.Tests\Ton.Adnl.Tests.csproj", "{F3E3901C-E2B5-4930-A5E6-DB82C4ECA2A5}"
EndProject
Project("{FAE04EC0-301F-11D3-BF4B-00C04F79EFBC}") = "Ton.LiteClient", "src\Ton.LiteClient\Ton.LiteClient.csproj", "{CBBB97A8-2A97-4546-8497-59EAEF5979D1}"
EndProject
Project("{FAE04EC0-301F-11D3-BF4B-00C04F79EFBC}") = "Ton.LiteClient.Tests", "tests\Ton.LiteClient.Tests\Ton.LiteClient.Tests.csproj", "{778D3B42-2A8B-4792-BBFB-009DED772546}"
EndProject
Project("{2150E333-8FDC-42A3-9474-1A3956D46DE8}") = "samples", "samples", "{7B987B43-9F62-484C-BBB7-51F3AD894159}"
EndProject
Project("{FAE04EC0-301F-11D3-BF4B-00C04F79EFBC}") = "LiteClientPlayground", "samples\LiteClientPlayground\LiteClientPlayground.csproj", "{52CD2ADC-360C-429B-BB97-A3059E7851FE}"
EndProject
Project("{FAE04EC0-301F-11D3-BF4B-00C04F79EFBC}") = "AdnlSample", "samples\AdnlSample\AdnlSample.csproj", "{87BE2F71-B005-4F8D-9BA8-C6D1A328C1DB}"
EndProject
Global
	GlobalSection(SolutionConfigurationPlatforms) = preSolution
		Debug|Any CPU = Debug|Any CPU
		Release|Any CPU = Release|Any CPU
	EndGlobalSection
	GlobalSection(SolutionProperties) = preSolution
		HideSolutionNode = FALSE
	EndGlobalSection
	GlobalSection(ProjectConfigurationPlatforms) = postSolution
		{E89ABA32-285F-44AB-B5A1-131420F68828}.Debug|Any CPU.ActiveCfg = Debug|Any CPU
		{E89ABA32-285F-44AB-B5A1-131420F68828}.Debug|Any CPU.Build.0 = Debug|Any CPU
		{E89ABA32-285F-44AB-B5A1-131420F68828}.Release|Any CPU.ActiveCfg = Release|Any CPU
		{E89ABA32-285F-44AB-B5A1-131420F68828}.Release|Any CPU.Build.0 = Release|Any CPU
		{E6162DE6-5CA9-4FF8-9843-FD85B9A02BB1}.Debug|Any CPU.ActiveCfg = Debug|Any CPU
		{E6162DE6-5CA9-4FF8-9843-FD85B9A02BB1}.Debug|Any CPU.Build.0 = Debug|Any CPU
		{E6162DE6-5CA9-4FF8-9843-FD85B9A02BB1}.Release|Any CPU.ActiveCfg = Release|Any CPU
		{E6162DE6-5CA9-4FF8-9843-FD85B9A02BB1}.Release|Any CPU.Build.0 = Release|Any CPU
		{E7883DFD-28EA-4CB5-948F-2F32327926A5}.Debug|Any CPU.ActiveCfg = Debug|Any CPU
		{E7883DFD-28EA-4CB5-948F-2F32327926A5}.Debug|Any CPU.Build.0 = Debug|Any CPU
		{E7883DFD-28EA-4CB5-948F-2F32327926A5}.Release|Any CPU.ActiveCfg = Release|Any CPU
		{E7883DFD-28EA-4CB5-948F-2F32327926A5}.Release|Any CPU.Build.0 = Release|Any CPU
		{B77B1BFC-1048-46CE-9A04-40023F71A4AE}.Debug|Any CPU.ActiveCfg = Debug|Any CPU
		{B77B1BFC-1048-46CE-9A04-40023F71A4AE}.Debug|Any CPU.Build.0 = Debug|Any CPU
		{B77B1BFC-1048-46CE-9A04-40023F71A4AE}.Release|Any CPU.ActiveCfg = Release|Any CPU
		{B77B1BFC-1048-46CE-9A04-40023F71A4AE}.Release|Any CPU.Build.0 = Release|Any CPU
		{F83FEB36-0B78-4D67-A8EA-8D92E7045F0B}.Debug|Any CPU.ActiveCfg = Debug|Any CPU
		{F83FEB36-0B78-4D67-A8EA-8D92E7045F0B}.Debug|Any CPU.Build.0 = Debug|Any CPU
		{F83FEB36-0B78-4D67-A8EA-8D92E7045F0B}.Release|Any CPU.ActiveCfg = Release|Any CPU
		{F83FEB36-0B78-4D67-A8EA-8D92E7045F0B}.Release|Any CPU.Build.0 = Release|Any CPU
		{EE1BA162-0CDE-436D-B5B0-C3F9B1BF93E8}.Debug|Any CPU.ActiveCfg = Debug|Any CPU
		{EE1BA162-0CDE-436D-B5B0-C3F9B1BF93E8}.Debug|Any CPU.Build.0 = Debug|Any CPU
		{EE1BA162-0CDE-436D-B5B0-C3F9B1BF93E8}.Release|Any CPU.ActiveCfg = Release|Any CPU
		{EE1BA162-0CDE-436D-B5B0-C3F9B1BF93E8}.Release|Any CPU.Build.0 = Release|Any CPU
		{354A66B4-EEAA-4357-9E72-AD8E7E3B83BA}.Debug|Any CPU.ActiveCfg = Debug|Any CPU
		{354A66B4-EEAA-4357-9E72-AD8E7E3B83BA}.Debug|Any CPU.Build.0 = Debug|Any CPU
		{354A66B4-EEAA-4357-9E72-AD8E7E3B83BA}.Release|Any CPU.ActiveCfg = Release|Any CPU
		{354A66B4-EEAA-4357-9E72-AD8E7E3B83BA}.Release|Any CPU.Build.0 = Release|Any CPU
		{E4FD34A5-2C24-4324-AD31-1F6A47637965}.Debug|Any CPU.ActiveCfg = Debug|Any CPU
		{E4FD34A5-2C24-4324-AD31-1F6A47637965}.Debug|Any CPU.Build.0 = Debug|Any CPU
		{E4FD34A5-2C24-4324-AD31-1F6A47637965}.Release|Any CPU.ActiveCfg = Release|Any CPU
		{E4FD34A5-2C24-4324-AD31-1F6A47637965}.Release|Any CPU.Build.0 = Release|Any CPU
		{A5681630-9939-4053-994D-2EAA8154053C}.Debug|Any CPU.ActiveCfg = Debug|Any CPU
		{A5681630-9939-4053-994D-2EAA8154053C}.Debug|Any CPU.Build.0 = Debug|Any CPU
		{A5681630-9939-4053-994D-2EAA8154053C}.Release|Any CPU.ActiveCfg = Release|Any CPU
		{A5681630-9939-4053-994D-2EAA8154053C}.Release|Any CPU.Build.0 = Release|Any CPU
		{F3E3901C-E2B5-4930-A5E6-DB82C4ECA2A5}.Debug|Any CPU.ActiveCfg = Debug|Any CPU
		{F3E3901C-E2B5-4930-A5E6-DB82C4ECA2A5}.Debug|Any CPU.Build.0 = Debug|Any CPU
		{F3E3901C-E2B5-4930-A5E6-DB82C4ECA2A5}.Release|Any CPU.ActiveCfg = Release|Any CPU
		{F3E3901C-E2B5-4930-A5E6-DB82C4ECA2A5}.Release|Any CPU.Build.0 = Release|Any CPU
		{CBBB97A8-2A97-4546-8497-59EAEF5979D1}.Debug|Any CPU.ActiveCfg = Debug|Any CPU
		{CBBB97A8-2A97-4546-8497-59EAEF5979D1}.Debug|Any CPU.Build.0 = Debug|Any CPU
		{CBBB97A8-2A97-4546-8497-59EAEF5979D1}.Release|Any CPU.ActiveCfg = Release|Any CPU
		{CBBB97A8-2A97-4546-8497-59EAEF5979D1}.Release|Any CPU.Build.0 = Release|Any CPU
		{778D3B42-2A8B-4792-BBFB-009DED772546}.Debug|Any CPU.ActiveCfg = Debug|Any CPU
		{778D3B42-2A8B-4792-BBFB-009DED772546}.Debug|Any CPU.Build.0 = Debug|Any CPU
		{778D3B42-2A8B-4792-BBFB-009DED772546}.Release|Any CPU.ActiveCfg = Release|Any CPU
		{778D3B42-2A8B-4792-BBFB-009DED772546}.Release|Any CPU.Build.0 = Release|Any CPU
		{52CD2ADC-360C-429B-BB97-A3059E7851FE}.Debug|Any CPU.ActiveCfg = Debug|Any CPU
		{52CD2ADC-360C-429B-BB97-A3059E7851FE}.Debug|Any CPU.Build.0 = Debug|Any CPU
		{52CD2ADC-360C-429B-BB97-A3059E7851FE}.Release|Any CPU.ActiveCfg = Release|Any CPU
		{52CD2ADC-360C-429B-BB97-A3059E7851FE}.Release|Any CPU.Build.0 = Release|Any CPU
		{87BE2F71-B005-4F8D-9BA8-C6D1A328C1DB}.Debug|Any CPU.ActiveCfg = Debug|Any CPU
		{87BE2F71-B005-4F8D-9BA8-C6D1A328C1DB}.Debug|Any CPU.Build.0 = Debug|Any CPU
		{87BE2F71-B005-4F8D-9BA8-C6D1A328C1DB}.Release|Any CPU.ActiveCfg = Release|Any CPU
		{87BE2F71-B005-4F8D-9BA8-C6D1A328C1DB}.Release|Any CPU.Build.0 = Release|Any CPU
	EndGlobalSection
	GlobalSection(NestedProjects) = preSolution
		{E89ABA32-285F-44AB-B5A1-131420F68828} = {17B4C3F7-AC02-43F6-8556-4A945D3359D2}
		{E6162DE6-5CA9-4FF8-9843-FD85B9A02BB1} = {17B4C3F7-AC02-43F6-8556-4A945D3359D2}
		{E7883DFD-28EA-4CB5-948F-2F32327926A5} = {17B4C3F7-AC02-43F6-8556-4A945D3359D2}
		{B77B1BFC-1048-46CE-9A04-40023F71A4AE} = {7854DABD-8422-4DCA-A96B-426F9C4E7517}
		{F83FEB36-0B78-4D67-A8EA-8D92E7045F0B} = {7854DABD-8422-4DCA-A96B-426F9C4E7517}
		{EE1BA162-0CDE-436D-B5B0-C3F9B1BF93E8} = {7854DABD-8422-4DCA-A96B-426F9C4E7517}
		{354A66B4-EEAA-4357-9E72-AD8E7E3B83BA} = {17B4C3F7-AC02-43F6-8556-4A945D3359D2}
		{E4FD34A5-2C24-4324-AD31-1F6A47637965} = {7854DABD-8422-4DCA-A96B-426F9C4E7517}
		{A5681630-9939-4053-994D-2EAA8154053C} = {17B4C3F7-AC02-43F6-8556-4A945D3359D2}
		{F3E3901C-E2B5-4930-A5E6-DB82C4ECA2A5} = {7854DABD-8422-4DCA-A96B-426F9C4E7517}
		{CBBB97A8-2A97-4546-8497-59EAEF5979D1} = {17B4C3F7-AC02-43F6-8556-4A945D3359D2}
		{778D3B42-2A8B-4792-BBFB-009DED772546} = {7854DABD-8422-4DCA-A96B-426F9C4E7517}
		{52CD2ADC-360C-429B-BB97-A3059E7851FE} = {7B987B43-9F62-484C-BBB7-51F3AD894159}
		{87BE2F71-B005-4F8D-9BA8-C6D1A328C1DB} = {7B987B43-9F62-484C-BBB7-51F3AD894159}
	EndGlobalSection
EndGlobal
